
Microsoft Visual Studio Solution File, Format Version 12.00
# Visual Studio Version 17
VisualStudioVersion = 17.4.33213.308
MinimumVisualStudioVersion = 10.0.40219.1
Project("{9A19103F-16F7-4668-BE54-9A1E7A4F7556}") = "BlazorWindowResizeHelper", "BlazorWindowResizeHelper\BlazorWindowResizeHelper.csproj", "{7D315C80-A156-4CCD-81D6-227D1A22E400}"
EndProject
Global
	GlobalSection(SolutionConfigurationPlatforms) = preSolution
		Debug|Any CPU = Debug|Any CPU
		Release|Any CPU = Release|Any CPU
	EndGlobalSection
	GlobalSection(ProjectConfigurationPlatforms) = postSolution
		{7D315C80-A156-4CCD-81D6-227D1A22E400}.Debug|Any CPU.ActiveCfg = Debug|Any CPU
		{7D315C80-A156-4CCD-81D6-227D1A22E400}.Debug|Any CPU.Build.0 = Debug|Any CPU
		{7D315C80-A156-4CCD-81D6-227D1A22E400}.Release|Any CPU.ActiveCfg = Release|Any CPU
		{7D315C80-A156-4CCD-81D6-227D1A22E400}.Release|Any CPU.Build.0 = Release|Any CPU
	EndGlobalSection
	GlobalSection(SolutionProperties) = preSolution
		HideSolutionNode = FALSE
	EndGlobalSection
	GlobalSection(ExtensibilityGlobals) = postSolution
		SolutionGuid = {17D1A407-2F5F-45BB-969D-D5759CD5B5B6}
	EndGlobalSection
EndGlobal
