
Microsoft Visual Studio Solution File, Format Version 12.00
# Visual Studio Version 17
VisualStudioVersion = 17.4.33213.308
MinimumVisualStudioVersion = 10.0.40219.1
Project("{FAE04EC0-301F-11D3-BF4B-00C04F79EFBC}") = "Blazor_rip_javascriptInterpo_4.3.2023", "Blazor_rip_javascriptInterpo_4.3.2023\Blazor_rip_javascriptInterpo_4.3.2023.csproj", "{13C569A0-DD6E-449F-8927-7EBF4A4F0AE7}"
EndProject
Global
	GlobalSection(SolutionConfigurationPlatforms) = preSolution
		Debug|Any CPU = Debug|Any CPU
		Release|Any CPU = Release|Any CPU
	EndGlobalSection
	GlobalSection(ProjectConfigurationPlatforms) = postSolution
		{13C569A0-DD6E-449F-8927-7EBF4A4F0AE7}.Debug|Any CPU.ActiveCfg = Debug|Any CPU
		{13C569A0-DD6E-449F-8927-7EBF4A4F0AE7}.Debug|Any CPU.Build.0 = Debug|Any CPU
		{13C569A0-DD6E-449F-8927-7EBF4A4F0AE7}.Release|Any CPU.ActiveCfg = Release|Any CPU
		{13C569A0-DD6E-449F-8927-7EBF4A4F0AE7}.Release|Any CPU.Build.0 = Release|Any CPU
	EndGlobalSection
	GlobalSection(SolutionProperties) = preSolution
		HideSolutionNode = FALSE
	EndGlobalSection
	GlobalSection(ExtensibilityGlobals) = postSolution
		SolutionGuid = {4FEE918F-B0C7-43BF-B914-10F990731178}
	EndGlobalSection
EndGlobal
