
Microsoft Visual Studio Solution File, Format Version 12.00
# Visual Studio Version 17
VisualStudioVersion = 17.4.33213.308
MinimumVisualStudioVersion = 10.0.40219.1
Project("{FAE04EC0-301F-11D3-BF4B-00C04F79EFBC}") = "BlazorEmployee", "BlazorEmployee\BlazorEmployee.csproj", "{B0BB06CD-4774-44EF-AA18-1FF3CC1DE003}"
EndProject
Global
	GlobalSection(SolutionConfigurationPlatforms) = preSolution
		Debug|Any CPU = Debug|Any CPU
		Release|Any CPU = Release|Any CPU
	EndGlobalSection
	GlobalSection(ProjectConfigurationPlatforms) = postSolution
		{B0BB06CD-4774-44EF-AA18-1FF3CC1DE003}.Debug|Any CPU.ActiveCfg = Debug|Any CPU
		{B0BB06CD-4774-44EF-AA18-1FF3CC1DE003}.Debug|Any CPU.Build.0 = Debug|Any CPU
		{B0BB06CD-4774-44EF-AA18-1FF3CC1DE003}.Release|Any CPU.ActiveCfg = Release|Any CPU
		{B0BB06CD-4774-44EF-AA18-1FF3CC1DE003}.Release|Any CPU.Build.0 = Release|Any CPU
	EndGlobalSection
	GlobalSection(SolutionProperties) = preSolution
		HideSolutionNode = FALSE
	EndGlobalSection
	GlobalSection(ExtensibilityGlobals) = postSolution
		SolutionGuid = {703C6D53-F46C-42F3-87D3-C7A25694C36B}
	EndGlobalSection
EndGlobal
